<?xml version="1.0" encoding="utf-8"?>
<Project ToolsVersion="4.0" xmlns="http://schemas.microsoft.com/developer/msbuild/2003">
  <ItemGroup>
    <Filter Include="Gameplay">
      <UniqueIdentifier>{960b6e9d-ce87-4f51-97f1-2e293af9bfc3}</UniqueIdentifier>
    </Filter>
    <Filter Include="Document">
      <UniqueIdentifier>{8f6262e8-8950-43f3-a0f7-ee09a9ca5217}</UniqueIdentifier>
    </Filter>
  </ItemGroup>
  <ItemGroup>
    <ClCompile Include="Game.cpp">
      <Filter>Gameplay</Filter>
    </ClCompile>
    <ClCompile Include="GameCommon.cpp">
      <Filter>Gameplay</Filter>
    </ClCompile>
    <ClCompile Include="GameNearestPoint.cpp">
      <Filter>Gameplay</Filter>
    </ClCompile>
    <ClCompile Include="GameRaycastVsDiscs.cpp">
      <Filter>Gameplay</Filter>
    </ClCompile>
    <ClCompile Include="App.cpp">
      <Filter>Gameplay</Filter>
    </ClCompile>
    <ClCompile Include="Main_Windows.cpp">
      <Filter>Gameplay</Filter>
    </ClCompile>
    <ClCompile Include="GameRaycastVsAABBs.cpp">
      <Filter>Gameplay</Filter>
    </ClCompile>
    <ClCompile Include="GameRaycastVsLineSegments.cpp">
      <Filter>Gameplay</Filter>
    </ClCompile>
    <ClCompile Include="GameShapes3D.cpp">
      <Filter>Gameplay</Filter>
    </ClCompile>
    <ClCompile Include="GameCurves2D.cpp">
      <Filter>Gameplay</Filter>
    </ClCompile>
  </ItemGroup>
  <ItemGroup>
    <ClInclude Include="Game.hpp">
      <Filter>Gameplay</Filter>
    </ClInclude>
    <ClInclude Include="GameCommon.hpp">
      <Filter>Gameplay</Filter>
    </ClInclude>
    <ClInclude Include="GameNearestPoint.hpp">
      <Filter>Gameplay</Filter>
    </ClInclude>
    <ClInclude Include="GameRaycastVsDiscs.hpp">
      <Filter>Gameplay</Filter>
    </ClInclude>
    <ClInclude Include="App.hpp">
      <Filter>Gameplay</Filter>
    </ClInclude>
    <ClInclude Include="EngineBuildPreferences.hpp">
      <Filter>Gameplay</Filter>
    </ClInclude>
    <ClInclude Include="GameRaycastVsAABBs.hpp">
      <Filter>Gameplay</Filter>
    </ClInclude>
    <ClInclude Include="GameRaycastVsLineSegments.hpp">
      <Filter>Gameplay</Filter>
    </ClInclude>
    <ClInclude Include="GameShapes3D.hpp">
      <Filter>Gameplay</Filter>
    </ClInclude>
    <ClInclude Include="GameCurves2D.hpp">
      <Filter>Gameplay</Filter>
    </ClInclude>
  </ItemGroup>
</Project>